// !$*UTF8*$!
{
	archiveVersion = 1;
	classes = {
	};
	objectVersion = 50;
	objects = {

/* Begin PBXBuildFile section */
		2746ACE8207CB44300C4C78A /* AppDelegate.m in Sources */ = {isa = PBXBuildFile; fileRef = 2746ACE7207CB44300C4C78A /* AppDelegate.m */; };
		2746ACEB207CB44300C4C78A /* ViewController.m in Sources */ = {isa = PBXBuildFile; fileRef = 2746ACEA207CB44300C4C78A /* ViewController.m */; };
		2746ACEE207CB44300C4C78A /* Main.storyboard in Resources */ = {isa = PBXBuildFile; fileRef = 2746ACEC207CB44300C4C78A /* Main.storyboard */; };
		2746ACF0207CB44500C4C78A /* Assets.xcassets in Resources */ = {isa = PBXBuildFile; fileRef = 2746ACEF207CB44500C4C78A /* Assets.xcassets */; };
		2746ACF3207CB44500C4C78A /* LaunchScreen.storyboard in Resources */ = {isa = PBXBuildFile; fileRef = 2746ACF1207CB44500C4C78A /* LaunchScreen.storyboard */; };
		2746ACF6207CB44500C4C78A /* main.m in Sources */ = {isa = PBXBuildFile; fileRef = 2746ACF5207CB44500C4C78A /* main.m */; };
		2746AD00207CB44500C4C78A /* runtimeDemo2Tests.m in Sources */ = {isa = PBXBuildFile; fileRef = 2746ACFF207CB44500C4C78A /* runtimeDemo2Tests.m */; };
		2746AD0B207CB44500C4C78A /* runtimeDemo2UITests.m in Sources */ = {isa = PBXBuildFile; fileRef = 2746AD0A207CB44500C4C78A /* runtimeDemo2UITests.m */; };
/* End PBXBuildFile section */

/* Begin PBXContainerItemProxy section */
		2746ACFC207CB44500C4C78A /* PBXContainerItemProxy */ = {
			isa = PBXContainerItemProxy;
			containerPortal = 2746ACDB207CB44300C4C78A /* Project object */;
			proxyType = 1;
			remoteGlobalIDString = 2746ACE2207CB44300C4C78A;
			remoteInfo = runtimeDemo2;
		};
		2746AD07207CB44500C4C78A /* PBXContainerItemProxy */ = {
			isa = PBXContainerItemProxy;
			containerPortal = 2746ACDB207CB44300C4C78A /* Project object */;
			proxyType = 1;
			remoteGlobalIDString = 2746ACE2207CB44300C4C78A;
			remoteInfo = runtimeDemo2;
		};
/* End PBXContainerItemProxy section */

/* Begin PBXFileReference section */
		2746ACE3207CB44300C4C78A /* runtimeDemo2.app */ = {isa = PBXFileReference; explicitFileType = wrapper.application; includeInIndex = 0; path = runtimeDemo2.app; sourceTree = BUILT_PRODUCTS_DIR; };
		2746ACE6207CB44300C4C78A /* AppDelegate.h */ = {isa = PBXFileReference; lastKnownFileType = sourcecode.c.h; path = AppDelegate.h; sourceTree = "<group>"; };
		2746ACE7207CB44300C4C78A /* AppDelegate.m */ = {isa = PBXFileReference; lastKnownFileType = sourcecode.c.objc; path = AppDelegate.m; sourceTree = "<group>"; };
		2746ACE9207CB44300C4C78A /* ViewController.h */ = {isa = PBXFileReference; lastKnownFileType = sourcecode.c.h; path = ViewController.h; sourceTree = "<group>"; };
		2746ACEA207CB44300C4C78A /* ViewController.m */ = {isa = PBXFileReference; lastKnownFileType = sourcecode.c.objc; path = ViewController.m; sourceTree = "<group>"; };
		2746ACED207CB44300C4C78A /* Base */ = {isa = PBXFileReference; lastKnownFileType = file.storyboard; name = Base; path = Base.lproj/Main.storyboard; sourceTree = "<group>"; };
		2746ACEF207CB44500C4C78A /* Assets.xcassets */ = {isa = PBXFileReference; lastKnownFileType = folder.assetcatalog; path = Assets.xcassets; sourceTree = "<group>"; };
		2746ACF2207CB44500C4C78A /* Base */ = {isa = PBXFileReference; lastKnownFileType = file.storyboard; name = Base; path = Base.lproj/LaunchScreen.storyboard; sourceTree = "<group>"; };
		2746ACF4207CB44500C4C78A /* Info.plist */ = {isa = PBXFileReference; lastKnownFileType = text.plist.xml; path = Info.plist; sourceTree = "<group>"; };
		2746ACF5207CB44500C4C78A /* main.m */ = {isa = PBXFileReference; lastKnownFileType = sourcecode.c.objc; path = main.m; sourceTree = "<group>"; };
		2746ACFB207CB44500C4C78A /* runtimeDemo2Tests.xctest */ = {isa = PBXFileReference; explicitFileType = wrapper.cfbundle; includeInIndex = 0; path = runtimeDemo2Tests.xctest; sourceTree = BUILT_PRODUCTS_DIR; };
		2746ACFF207CB44500C4C78A /* runtimeDemo2Tests.m */ = {isa = PBXFileReference; lastKnownFileType = sourcecode.c.objc; path = runtimeDemo2Tests.m; sourceTree = "<group>"; };
		2746AD01207CB44500C4C78A /* Info.plist */ = {isa = PBXFileReference; lastKnownFileType = text.plist.xml; path = Info.plist; sourceTree = "<group>"; };
		2746AD06207CB44500C4C78A /* runtimeDemo2UITests.xctest */ = {isa = PBXFileReference; explicitFileType = wrapper.cfbundle; includeInIndex = 0; path = runtimeDemo2UITests.xctest; sourceTree = BUILT_PRODUCTS_DIR; };
		2746AD0A207CB44500C4C78A /* runtimeDemo2UITests.m */ = {isa = PBXFileReference; lastKnownFileType = sourcecode.c.objc; path = runtimeDemo2UITests.m; sourceTree = "<group>"; };
		2746AD0C207CB44500C4C78A /* Info.plist */ = {isa = PBXFileReference; lastKnownFileType = text.plist.xml; path = Info.plist; sourceTree = "<group>"; };
/* End PBXFileReference section */

/* Begin PBXFrameworksBuildPhase section */
		2746ACE0207CB44300C4C78A /* Frameworks */ = {
			isa = PBXFrameworksBuildPhase;
			buildActionMask = 2147483647;
			files = (
			);
			runOnlyForDeploymentPostprocessing = 0;
		};
		2746ACF8207CB44500C4C78A /* Frameworks */ = {
			isa = PBXFrameworksBuildPhase;
			buildActionMask = 2147483647;
			files = (
			);
			runOnlyForDeploymentPostprocessing = 0;
		};
		2746AD03207CB44500C4C78A /* Frameworks */ = {
			isa = PBXFrameworksBuildPhase;
			buildActionMask = 2147483647;
			files = (
			);
			runOnlyForDeploymentPostprocessing = 0;
		};
/* End PBXFrameworksBuildPhase section */

/* Begin PBXGroup section */
		2746ACDA207CB44300C4C78A = {
			isa = PBXGroup;
			children = (
				2746ACE5207CB44300C4C78A /* runtimeDemo2 */,
				2746ACFE207CB44500C4C78A /* runtimeDemo2Tests */,
				2746AD09207CB44500C4C78A /* runtimeDemo2UITests */,
				2746ACE4207CB44300C4C78A /* Products */,
			);
			sourceTree = "<group>";
		};
		2746ACE4207CB44300C4C78A /* Products */ = {
			isa = PBXGroup;
			children = (
				2746ACE3207CB44300C4C78A /* runtimeDemo2.app */,
				2746ACFB207CB44500C4C78A /* runtimeDemo2Tests.xctest */,
				2746AD06207CB44500C4C78A /* runtimeDemo2UITests.xctest */,
			);
			name = Products;
			sourceTree = "<group>";
		};
		2746ACE5207CB44300C4C78A /* runtimeDemo2 */ = {
			isa = PBXGroup;
			children = (
				2746ACE6207CB44300C4C78A /* AppDelegate.h */,
				2746ACE7207CB44300C4C78A /* AppDelegate.m */,
				2746ACE9207CB44300C4C78A /* ViewController.h */,
				2746ACEA207CB44300C4C78A /* ViewController.m */,
				2746ACEC207CB44300C4C78A /* Main.storyboard */,
				2746ACEF207CB44500C4C78A /* Assets.xcassets */,
				2746ACF1207CB44500C4C78A /* LaunchScreen.storyboard */,
				2746ACF4207CB44500C4C78A /* Info.plist */,
				2746ACF5207CB44500C4C78A /* main.m */,
			);
			path = runtimeDemo2;
			sourceTree = "<group>";
		};
		2746ACFE207CB44500C4C78A /* runtimeDemo2Tests */ = {
			isa = PBXGroup;
			children = (
				2746ACFF207CB44500C4C78A /* runtimeDemo2Tests.m */,
				2746AD01207CB44500C4C78A /* Info.plist */,
			);
			path = runtimeDemo2Tests;
			sourceTree = "<group>";
		};
		2746AD09207CB44500C4C78A /* runtimeDemo2UITests */ = {
			isa = PBXGroup;
			children = (
				2746AD0A207CB44500C4C78A /* runtimeDemo2UITests.m */,
				2746AD0C207CB44500C4C78A /* Info.plist */,
			);
			path = runtimeDemo2UITests;
			sourceTree = "<group>";
		};
/* End PBXGroup section */

/* Begin PBXNativeTarget section */
		2746ACE2207CB44300C4C78A /* runtimeDemo2 */ = {
			isa = PBXNativeTarget;
			buildConfigurationList = 2746AD0F207CB44500C4C78A /* Build configuration list for PBXNativeTarget "runtimeDemo2" */;
			buildPhases = (
				2746ACDF207CB44300C4C78A /* Sources */,
				2746ACE0207CB44300C4C78A /* Frameworks */,
				2746ACE1207CB44300C4C78A /* Resources */,
			);
			buildRules = (
			);
			dependencies = (
			);
			name = runtimeDemo2;
			productName = runtimeDemo2;
			productReference = 2746ACE3207CB44300C4C78A /* runtimeDemo2.app */;
			productType = "com.apple.product-type.application";
		};
		2746ACFA207CB44500C4C78A /* runtimeDemo2Tests */ = {
			isa = PBXNativeTarget;
			buildConfigurationList = 2746AD12207CB44500C4C78A /* Build configuration list for PBXNativeTarget "runtimeDemo2Tests" */;
			buildPhases = (
				2746ACF7207CB44500C4C78A /* Sources */,
				2746ACF8207CB44500C4C78A /* Frameworks */,
				2746ACF9207CB44500C4C78A /* Resources */,
			);
			buildRules = (
			);
			dependencies = (
				2746ACFD207CB44500C4C78A /* PBXTargetDependency */,
			);
			name = runtimeDemo2Tests;
			productName = runtimeDemo2Tests;
			productReference = 2746ACFB207CB44500C4C78A /* runtimeDemo2Tests.xctest */;
			productType = "com.apple.product-type.bundle.unit-test";
		};
		2746AD05207CB44500C4C78A /* runtimeDemo2UITests */ = {
			isa = PBXNativeTarget;
			buildConfigurationList = 2746AD15207CB44500C4C78A /* Build configuration list for PBXNativeTarget "runtimeDemo2UITests" */;
			buildPhases = (
				2746AD02207CB44500C4C78A /* Sources */,
				2746AD03207CB44500C4C78A /* Frameworks */,
				2746AD04207CB44500C4C78A /* Resources */,
			);
			buildRules = (
			);
			dependencies = (
				2746AD08207CB44500C4C78A /* PBXTargetDependency */,
			);
			name = runtimeDemo2UITests;
			productName = runtimeDemo2UITests;
			productReference = 2746AD06207CB44500C4C78A /* runtimeDemo2UITests.xctest */;
			productType = "com.apple.product-type.bundle.ui-testing";
		};
/* End PBXNativeTarget section */

/* Begin PBXProject section */
		2746ACDB207CB44300C4C78A /* Project object */ = {
			isa = PBXProject;
			attributes = {
				LastUpgradeCheck = 0930;
				ORGANIZATIONNAME = Anan;
				TargetAttributes = {
					2746ACE2207CB44300C4C78A = {
						CreatedOnToolsVersion = 9.3;
					};
					2746ACFA207CB44500C4C78A = {
						CreatedOnToolsVersion = 9.3;
						TestTargetID = 2746ACE2207CB44300C4C78A;
					};
					2746AD05207CB44500C4C78A = {
						CreatedOnToolsVersion = 9.3;
						TestTargetID = 2746ACE2207CB44300C4C78A;
					};
				};
			};
			buildConfigurationList = 2746ACDE207CB44300C4C78A /* Build configuration list for PBXProject "runtimeDemo2" */;
			compatibilityVersion = "Xcode 9.3";
			developmentRegion = en;
			hasScannedForEncodings = 0;
			knownRegions = (
				en,
				Base,
			);
			mainGroup = 2746ACDA207CB44300C4C78A;
			productRefGroup = 2746ACE4207CB44300C4C78A /* Products */;
			projectDirPath = "";
			projectRoot = "";
			targets = (
				2746ACE2207CB44300C4C78A /* runtimeDemo2 */,
				2746ACFA207CB44500C4C78A /* runtimeDemo2Tests */,
				2746AD05207CB44500C4C78A /* runtimeDemo2UITests */,
			);
		};
/* End PBXProject section */

/* Begin PBXResourcesBuildPhase section */
		2746ACE1207CB44300C4C78A /* Resources */ = {
			isa = PBXResourcesBuildPhase;
			buildActionMask = 2147483647;
			files = (
				2746ACF3207CB44500C4C78A /* LaunchScreen.storyboard in Resources */,
				2746ACF0207CB44500C4C78A /* Assets.xcassets in Resources */,
				2746ACEE207CB44300C4C78A /* Main.storyboard in Resources */,
			);
			runOnlyForDeploymentPostprocessing = 0;
		};
		2746ACF9207CB44500C4C78A /* Resources */ = {
			isa = PBXResourcesBuildPhase;
			buildActionMask = 2147483647;
			files = (
			);
			runOnlyForDeploymentPostprocessing = 0;
		};
		2746AD04207CB44500C4C78A /* Resources */ = {
			isa = PBXResourcesBuildPhase;
			buildActionMask = 2147483647;
			files = (
			);
			runOnlyForDeploymentPostprocessing = 0;
		};
/* End PBXResourcesBuildPhase section */

/* Begin PBXSourcesBuildPhase section */
		2746ACDF207CB44300C4C78A /* Sources */ = {
			isa = PBXSourcesBuildPhase;
			buildActionMask = 2147483647;
			files = (
				2746ACEB207CB44300C4C78A /* ViewController.m in Sources */,
				2746ACF6207CB44500C4C78A /* main.m in Sources */,
				2746ACE8207CB44300C4C78A /* AppDelegate.m in Sources */,
			);
			runOnlyForDeploymentPostprocessing = 0;
		};
		2746ACF7207CB44500C4C78A /* Sources */ = {
			isa = PBXSourcesBuildPhase;
			buildActionMask = 2147483647;
			files = (
				2746AD00207CB44500C4C78A /* runtimeDemo2Tests.m in Sources */,
			);
			runOnlyForDeploymentPostprocessing = 0;
		};
		2746AD02207CB44500C4C78A /* Sources */ = {
			isa = PBXSourcesBuildPhase;
			buildActionMask = 2147483647;
			files = (
				2746AD0B207CB44500C4C78A /* runtimeDemo2UITests.m in Sources */,
			);
			runOnlyForDeploymentPostprocessing = 0;
		};
/* End PBXSourcesBuildPhase section */

/* Begin PBXTargetDependency section */
		2746ACFD207CB44500C4C78A /* PBXTargetDependency */ = {
			isa = PBXTargetDependency;
			target = 2746ACE2207CB44300C4C78A /* runtimeDemo2 */;
			targetProxy = 2746ACFC207CB44500C4C78A /* PBXContainerItemProxy */;
		};
		2746AD08207CB44500C4C78A /* PBXTargetDependency */ = {
			isa = PBXTargetDependency;
			target = 2746ACE2207CB44300C4C78A /* runtimeDemo2 */;
			targetProxy = 2746AD07207CB44500C4C78A /* PBXContainerItemProxy */;
		};
/* End PBXTargetDependency section */

/* Begin PBXVariantGroup section */
		2746ACEC207CB44300C4C78A /* Main.storyboard */ = {
			isa = PBXVariantGroup;
			children = (
				2746ACED207CB44300C4C78A /* Base */,
			);
			name = Main.storyboard;
			sourceTree = "<group>";
		};
		2746ACF1207CB44500C4C78A /* LaunchScreen.storyboard */ = {
			isa = PBXVariantGroup;
			children = (
				2746ACF2207CB44500C4C78A /* Base */,
			);
			name = LaunchScreen.storyboard;
			sourceTree = "<group>";
		};
/* End PBXVariantGroup section */

/* Begin XCBuildConfiguration section */
		2746AD0D207CB44500C4C78A /* Debug */ = {
			isa = XCBuildConfiguration;
			buildSettings = {
				ALWAYS_SEARCH_USER_PATHS = NO;
				CLANG_ANALYZER_NONNULL = YES;
				CLANG_ANALYZER_NUMBER_OBJECT_CONVERSION = YES_AGGRESSIVE;
				CLANG_CXX_LANGUAGE_STANDARD = "gnu++14";
				CLANG_CXX_LIBRARY = "libc++";
				CLANG_ENABLE_MODULES = YES;
				CLANG_ENABLE_OBJC_ARC = YES;
				CLANG_ENABLE_OBJC_WEAK = YES;
				CLANG_WARN_BLOCK_CAPTURE_AUTORELEASING = YES;
				CLANG_WARN_BOOL_CONVERSION = YES;
				CLANG_WARN_COMMA = YES;
				CLANG_WARN_CONSTANT_CONVERSION = YES;
				CLANG_WARN_DEPRECATED_OBJC_IMPLEMENTATIONS = YES;
				CLANG_WARN_DIRECT_OBJC_ISA_USAGE = YES_ERROR;
				CLANG_WARN_DOCUMENTATION_COMMENTS = YES;
				CLANG_WARN_EMPTY_BODY = YES;
				CLANG_WARN_ENUM_CONVERSION = YES;
				CLANG_WARN_INFINITE_RECURSION = YES;
				CLANG_WARN_INT_CONVERSION = YES;
				CLANG_WARN_NON_LITERAL_NULL_CONVERSION = YES;
				CLANG_WARN_OBJC_IMPLICIT_RETAIN_SELF = YES;
				CLANG_WARN_OBJC_LITERAL_CONVERSION = YES;
				CLANG_WARN_OBJC_ROOT_CLASS = YES_ERROR;
				CLANG_WARN_RANGE_LOOP_ANALYSIS = YES;
				CLANG_WARN_STRICT_PROTOTYPES = YES;
				CLANG_WARN_SUSPICIOUS_MOVE = YES;
				CLANG_WARN_UNGUARDED_AVAILABILITY = YES_AGGRESSIVE;
				CLANG_WARN_UNREACHABLE_CODE = YES;
				CLANG_WARN__DUPLICATE_METHOD_MATCH = YES;
				CODE_SIGN_IDENTITY = "iPhone Developer";
				COPY_PHASE_STRIP = NO;
				DEBUG_INFORMATION_FORMAT = dwarf;
				ENABLE_STRICT_OBJC_MSGSEND = YES;
				ENABLE_TESTABILITY = YES;
				GCC_C_LANGUAGE_STANDARD = gnu11;
				GCC_DYNAMIC_NO_PIC = NO;
				GCC_NO_COMMON_BLOCKS = YES;
				GCC_OPTIMIZATION_LEVEL = 0;
				GCC_PREPROCESSOR_DEFINITIONS = (
					"DEBUG=1",
					"$(inherited)",
				);
				GCC_WARN_64_TO_32_BIT_CONVERSION = YES;
				GCC_WARN_ABOUT_RETURN_TYPE = YES_ERROR;
				GCC_WARN_UNDECLARED_SELECTOR = YES;
				GCC_WARN_UNINITIALIZED_AUTOS = YES_AGGRESSIVE;
				GCC_WARN_UNUSED_FUNCTION = YES;
				GCC_WARN_UNUSED_VARIABLE = YES;
				IPHONEOS_DEPLOYMENT_TARGET = 11.3;
				MTL_ENABLE_DEBUG_INFO = YES;
				ONLY_ACTIVE_ARCH = YES;
				SDKROOT = iphoneos;
			};
			name = Debug;
		};
		2746AD0E207CB44500C4C78A /* Release */ = {
			isa = XCBuildConfiguration;
			buildSettings = {
				ALWAYS_SEARCH_USER_PATHS = NO;
				CLANG_ANALYZER_NONNULL = YES;
				CLANG_ANALYZER_NUMBER_OBJECT_CONVERSION = YES_AGGRESSIVE;
				CLANG_CXX_LANGUAGE_STANDARD = "gnu++14";
				CLANG_CXX_LIBRARY = "libc++";
				CLANG_ENABLE_MODULES = YES;
				CLANG_ENABLE_OBJC_ARC = YES;
				CLANG_ENABLE_OBJC_WEAK = YES;
				CLANG_WARN_BLOCK_CAPTURE_AUTORELEASING = YES;
				CLANG_WARN_BOOL_CONVERSION = YES;
				CLANG_WARN_COMMA = YES;
				CLANG_WARN_CONSTANT_CONVERSION = YES;
				CLANG_WARN_DEPRECATED_OBJC_IMPLEMENTATIONS = YES;
				CLANG_WARN_DIRECT_OBJC_ISA_USAGE = YES_ERROR;
				CLANG_WARN_DOCUMENTATION_COMMENTS = YES;
				CLANG_WARN_EMPTY_BODY = YES;
				CLANG_WARN_ENUM_CONVERSION = YES;
				CLANG_WARN_INFINITE_RECURSION = YES;
				CLANG_WARN_INT_CONVERSION = YES;
				CLANG_WARN_NON_LITERAL_NULL_CONVERSION = YES;
				CLANG_WARN_OBJC_IMPLICIT_RETAIN_SELF = YES;
				CLANG_WARN_OBJC_LITERAL_CONVERSION = YES;
				CLANG_WARN_OBJC_ROOT_CLASS = YES_ERROR;
				CLANG_WARN_RANGE_LOOP_ANALYSIS = YES;
				CLANG_WARN_STRICT_PROTOTYPES = YES;
				CLANG_WARN_SUSPICIOUS_MOVE = YES;
				CLANG_WARN_UNGUARDED_AVAILABILITY = YES_AGGRESSIVE;
				CLANG_WARN_UNREACHABLE_CODE = YES;
				CLANG_WARN__DUPLICATE_METHOD_MATCH = YES;
				CODE_SIGN_IDENTITY = "iPhone Developer";
				COPY_PHASE_STRIP = NO;
				DEBUG_INFORMATION_FORMAT = "dwarf-with-dsym";
				ENABLE_NS_ASSERTIONS = NO;
				ENABLE_STRICT_OBJC_MSGSEND = YES;
				GCC_C_LANGUAGE_STANDARD = gnu11;
				GCC_NO_COMMON_BLOCKS = YES;
				GCC_WARN_64_TO_32_BIT_CONVERSION = YES;
				GCC_WARN_ABOUT_RETURN_TYPE = YES_ERROR;
				GCC_WARN_UNDECLARED_SELECTOR = YES;
				GCC_WARN_UNINITIALIZED_AUTOS = YES_AGGRESSIVE;
				GCC_WARN_UNUSED_FUNCTION = YES;
				GCC_WARN_UNUSED_VARIABLE = YES;
				IPHONEOS_DEPLOYMENT_TARGET = 11.3;
				MTL_ENABLE_DEBUG_INFO = NO;
				SDKROOT = iphoneos;
				VALIDATE_PRODUCT = YES;
			};
			name = Release;
		};
		2746AD10207CB44500C4C78A /* Debug */ = {
			isa = XCBuildConfiguration;
			buildSettings = {
				ASSETCATALOG_COMPILER_APPICON_NAME = AppIcon;
				CODE_SIGN_STYLE = Automatic;
				DEVELOPMENT_TEAM = 7752QS5HZ6;
				INFOPLIST_FILE = runtimeDemo2/Info.plist;
				LD_RUNPATH_SEARCH_PATHS = (
					"$(inherited)",
					"@executable_path/Frameworks",
				);
				PRODUCT_BUNDLE_IDENTIFIER = com.Anan.runtimeDemo2;
				PRODUCT_NAME = "$(TARGET_NAME)";
				TARGETED_DEVICE_FAMILY = "1,2";
			};
			name = Debug;
		};
		2746AD11207CB44500C4C78A /* Release */ = {
			isa = XCBuildConfiguration;
			buildSettings = {
				ASSETCATALOG_COMPILER_APPICON_NAME = AppIcon;
				CODE_SIGN_STYLE = Automatic;
				DEVELOPMENT_TEAM = 7752QS5HZ6;
				INFOPLIST_FILE = runtimeDemo2/Info.plist;
				LD_RUNPATH_SEARCH_PATHS = (
					"$(inherited)",
					"@executable_path/Frameworks",
				);
				PRODUCT_BUNDLE_IDENTIFIER = com.Anan.runtimeDemo2;
				PRODUCT_NAME = "$(TARGET_NAME)";
				TARGETED_DEVICE_FAMILY = "1,2";
			};
			name = Release;
		};
		2746AD13207CB44500C4C78A /* Debug */ = {
			isa = XCBuildConfiguration;
			buildSettings = {
				BUNDLE_LOADER = "$(TEST_HOST)";
				CODE_SIGN_STYLE = Automatic;
				DEVELOPMENT_TEAM = 7752QS5HZ6;
				INFOPLIST_FILE = runtimeDemo2Tests/Info.plist;
				LD_RUNPATH_SEARCH_PATHS = (
					"$(inherited)",
					"@executable_path/Frameworks",
					"@loader_path/Frameworks",
				);
				PRODUCT_BUNDLE_IDENTIFIER = com.Anan.runtimeDemo2Tests;
				PRODUCT_NAME = "$(TARGET_NAME)";
				TARGETED_DEVICE_FAMILY = "1,2";
				TEST_HOST = "$(BUILT_PRODUCTS_DIR)/runtimeDemo2.app/runtimeDemo2";
			};
			name = Debug;
		};
		2746AD14207CB44500C4C78A /* Release */ = {
			isa = XCBuildConfiguration;
			buildSettings = {
				BUNDLE_LOADER = "$(TEST_HOST)";
				CODE_SIGN_STYLE = Automatic;
				DEVELOPMENT_TEAM = 7752QS5HZ6;
				INFOPLIST_FILE = runtimeDemo2Tests/Info.plist;
				LD_RUNPATH_SEARCH_PATHS = (
					"$(inherited)",
					"@executable_path/Frameworks",
					"@loader_path/Frameworks",
				);
				PRODUCT_BUNDLE_IDENTIFIER = com.Anan.runtimeDemo2Tests;
				PRODUCT_NAME = "$(TARGET_NAME)";
				TARGETED_DEVICE_FAMILY = "1,2";
				TEST_HOST = "$(BUILT_PRODUCTS_DIR)/runtimeDemo2.app/runtimeDemo2";
			};
			name = Release;
		};
		2746AD16207CB44500C4C78A /* Debug */ = {
			isa = XCBuildConfiguration;
			buildSettings = {
				CODE_SIGN_STYLE = Automatic;
				DEVELOPMENT_TEAM = 7752QS5HZ6;
				INFOPLIST_FILE = runtimeDemo2UITests/Info.plist;
				LD_RUNPATH_SEARCH_PATHS = (
					"$(inherited)",
					"@executable_path/Frameworks",
					"@loader_path/Frameworks",
				);
				PRODUCT_BUNDLE_IDENTIFIER = com.Anan.runtimeDemo2UITests;
				PRODUCT_NAME = "$(TARGET_NAME)";
				TARGETED_DEVICE_FAMILY = "1,2";
				TEST_TARGET_NAME = runtimeDemo2;
			};
			name = Debug;
		};
		2746AD17207CB44500C4C78A /* Release */ = {
			isa = XCBuildConfiguration;
			buildSettings = {
				CODE_SIGN_STYLE = Automatic;
				DEVELOPMENT_TEAM = 7752QS5HZ6;
				INFOPLIST_FILE = runtimeDemo2UITests/Info.plist;
				LD_RUNPATH_SEARCH_PATHS = (
					"$(inherited)",
					"@executable_path/Frameworks",
					"@loader_path/Frameworks",
				);
				PRODUCT_BUNDLE_IDENTIFIER = com.Anan.runtimeDemo2UITests;
				PRODUCT_NAME = "$(TARGET_NAME)";
				TARGETED_DEVICE_FAMILY = "1,2";
				TEST_TARGET_NAME = runtimeDemo2;
			};
			name = Release;
		};
/* End XCBuildConfiguration section */

/* Begin XCConfigurationList section */
		2746ACDE207CB44300C4C78A /* Build configuration list for PBXProject "runtimeDemo2" */ = {
			isa = XCConfigurationList;
			buildConfigurations = (
				2746AD0D207CB44500C4C78A /* Debug */,
				2746AD0E207CB44500C4C78A /* Release */,
			);
			defaultConfigurationIsVisible = 0;
			defaultConfigurationName = Release;
		};
		2746AD0F207CB44500C4C78A /* Build configuration list for PBXNativeTarget "runtimeDemo2" */ = {
			isa = XCConfigurationList;
			buildConfigurations = (
				2746AD10207CB44500C4C78A /* Debug */,
				2746AD11207CB44500C4C78A /* Release */,
			);
			defaultConfigurationIsVisible = 0;
			defaultConfigurationName = Release;
		};
		2746AD12207CB44500C4C78A /* Build configuration list for PBXNativeTarget "runtimeDemo2Tests" */ = {
			isa = XCConfigurationList;
			buildConfigurations = (
				2746AD13207CB44500C4C78A /* Debug */,
				2746AD14207CB44500C4C78A /* Release */,
			);
			defaultConfigurationIsVisible = 0;
			defaultConfigurationName = Release;
		};
		2746AD15207CB44500C4C78A /* Build configuration list for PBXNativeTarget "runtimeDemo2UITests" */ = {
			isa = XCConfigurationList;
			buildConfigurations = (
				2746AD16207CB44500C4C78A /* Debug */,
				2746AD17207CB44500C4C78A /* Release */,
			);
			defaultConfigurationIsVisible = 0;
			defaultConfigurationName = Release;
		};
/* End XCConfigurationList section */
	};
	rootObject = 2746ACDB207CB44300C4C78A /* Project object */;
}
